# THIS IS AN AUTOGENERATED FILE. DO NOT EDIT THIS FILE DIRECTLY.
# yarn lockfile v1


prettier@^3.2.5:
  version "3.2.5"
  resolved "https://registry.yarnpkg.com/prettier/-/prettier-3.2.5.tgz#e52bc3090586e824964a8813b09aba6233b28368"
  integrity sha512-3/GWa9aOC0YeD7LUfvOG2NiDyhOWRvt1k+rcKhOuYnMY24iiCphgneUfJDyFXd6rZCAnuLBv6UeAULtrhT/F4A==

turbo-darwin-64@1.13.3:
  version "1.13.3"
  resolved "https://registry.yarnpkg.com/turbo-darwin-64/-/turbo-darwin-64-1.13.3.tgz#01d750e0f9ce4fced510357f1a9f7fe6312756ba"
  integrity sha512-glup8Qx1qEFB5jerAnXbS8WrL92OKyMmg5Hnd4PleLljAeYmx+cmmnsmLT7tpaVZIN58EAAwu8wHC6kIIqhbWA==

turbo-darwin-arm64@1.13.3:
  version "1.13.3"
  resolved "https://registry.yarnpkg.com/turbo-darwin-arm64/-/turbo-darwin-arm64-1.13.3.tgz#a99950c8aff83d14070eeca987b0ee53dc881b2d"
  integrity sha512-/np2xD+f/+9qY8BVtuOQXRq5f9LehCFxamiQnwdqWm5iZmdjygC5T3uVSYuagVFsZKMvX3ycySwh8dylGTl6lg==

turbo-linux-64@1.13.3:
  version "1.13.3"
  resolved "https://registry.yarnpkg.com/turbo-linux-64/-/turbo-linux-64-1.13.3.tgz#a8ea12c3d79f5bbc78b2ef37f47019edb8928219"
  integrity sha512-G+HGrau54iAnbXLfl+N/PynqpDwi/uDzb6iM9hXEDG+yJnSJxaHMShhOkXYJPk9offm9prH33Khx2scXrYVW1g==

turbo-linux-arm64@1.13.3:
  version "1.13.3"
  resolved "https://registry.yarnpkg.com/turbo-linux-arm64/-/turbo-linux-arm64-1.13.3.tgz#e8691ebfab0e31e276020deee83b3866b4eb966f"
  integrity sha512-qWwEl5VR02NqRyl68/3pwp3c/olZuSp+vwlwrunuoNTm6JXGLG5pTeme4zoHNnk0qn4cCX7DFrOboArlYxv0wQ==

turbo-windows-64@1.13.3:
  version "1.13.3"
  resolved "https://registry.yarnpkg.com/turbo-windows-64/-/turbo-windows-64-1.13.3.tgz#6629174c8f654e75c342a0e1b826620cb6e2795b"
  integrity sha512-Nudr4bRChfJzBPzEmpVV85VwUYRCGKecwkBFpbp2a4NtrJ3+UP1VZES653ckqCu2FRyRuS0n03v9euMbAvzH+Q==

turbo-windows-arm64@1.13.3:
  version "1.13.3"
  resolved "https://registry.yarnpkg.com/turbo-windows-arm64/-/turbo-windows-arm64-1.13.3.tgz#327b8c87d8a01533deb3b7c3a108855aa7b6611d"
  integrity sha512-ouJCgsVLd3icjRLmRvHQDDZnmGzT64GBupM1Y+TjtYn2LVaEBoV6hicFy8x5DUpnqdLy+YpCzRMkWlwhmkX7sQ==

turbo@latest:
  version "1.13.3"
  resolved "https://registry.yarnpkg.com/turbo/-/turbo-1.13.3.tgz#afb7bee4fa9f5b6041dac5b4a7d35fb98f279827"
  integrity sha512-n17HJv4F4CpsYTvKzUJhLbyewbXjq1oLCi90i5tW1TiWDz16ML1eDG7wi5dHaKxzh5efIM56SITnuVbMq5dk4g==
  optionalDependencies:
    turbo-darwin-64 "1.13.3"
    turbo-darwin-arm64 "1.13.3"
    turbo-linux-64 "1.13.3"
    turbo-linux-arm64 "1.13.3"
    turbo-windows-64 "1.13.3"
    turbo-windows-arm64 "1.13.3"
